// !$*UTF8*$!
{
	archiveVersion = 1;
	classes = {
	};
	objectVersion = 50;
	objects = {

/* Begin PBXBuildFile section */
		60E9BCE0209DDBEA00D07AA1 /* AppDelegate.m in Sources */ = {isa = PBXBuildFile; fileRef = 60E9BCDF209DDBEA00D07AA1 /* AppDelegate.m */; };
		60E9BCE3209DDBEA00D07AA1 /* ViewController.m in Sources */ = {isa = PBXBuildFile; fileRef = 60E9BCE2209DDBEA00D07AA1 /* ViewController.m */; };
		60E9BCE6209DDBEA00D07AA1 /* Main.storyboard in Resources */ = {isa = PBXBuildFile; fileRef = 60E9BCE4209DDBEA00D07AA1 /* Main.storyboard */; };
		60E9BCE8209DDBEB00D07AA1 /* Assets.xcassets in Resources */ = {isa = PBXBuildFile; fileRef = 60E9BCE7209DDBEB00D07AA1 /* Assets.xcassets */; };
		60E9BCEB209DDBEB00D07AA1 /* LaunchScreen.storyboard in Resources */ = {isa = PBXBuildFile; fileRef = 60E9BCE9209DDBEB00D07AA1 /* LaunchScreen.storyboard */; };
		60E9BCEE209DDBEB00D07AA1 /* main.m in Sources */ = {isa = PBXBuildFile; fileRef = 60E9BCED209DDBEB00D07AA1 /* main.m */; };
/* End PBXBuildFile section */

/* Begin PBXFileReference section */
		60E9BCDB209DDBEA00D07AA1 /* podDemo.app */ = {isa = PBXFileReference; explicitFileType = wrapper.application; includeInIndex = 0; path = podDemo.app; sourceTree = BUILT_PRODUCTS_DIR; };
		60E9BCDE209DDBEA00D07AA1 /* AppDelegate.h */ = {isa = PBXFileReference; lastKnownFileType = sourcecode.c.h; path = AppDelegate.h; sourceTree = "<group>"; };
		60E9BCDF209DDBEA00D07AA1 /* AppDelegate.m */ = {isa = PBXFileReference; lastKnownFileType = sourcecode.c.objc; path = AppDelegate.m; sourceTree = "<group>"; };
		60E9BCE1209DDBEA00D07AA1 /* ViewController.h */ = {isa = PBXFileReference; lastKnownFileType = sourcecode.c.h; path = ViewController.h; sourceTree = "<group>"; };
		60E9BCE2209DDBEA00D07AA1 /* ViewController.m */ = {isa = PBXFileReference; lastKnownFileType = sourcecode.c.objc; path = ViewController.m; sourceTree = "<group>"; };
		60E9BCE5209DDBEA00D07AA1 /* Base */ = {isa = PBXFileReference; lastKnownFileType = file.storyboard; name = Base; path = Base.lproj/Main.storyboard; sourceTree = "<group>"; };
		60E9BCE7209DDBEB00D07AA1 /* Assets.xcassets */ = {isa = PBXFileReference; lastKnownFileType = folder.assetcatalog; path = Assets.xcassets; sourceTree = "<group>"; };
		60E9BCEA209DDBEB00D07AA1 /* Base */ = {isa = PBXFileReference; lastKnownFileType = file.storyboard; name = Base; path = Base.lproj/LaunchScreen.storyboard; sourceTree = "<group>"; };
		60E9BCEC209DDBEB00D07AA1 /* Info.plist */ = {isa = PBXFileReference; lastKnownFileType = text.plist.xml; path = Info.plist; sourceTree = "<group>"; };
		60E9BCED209DDBEB00D07AA1 /* main.m */ = {isa = PBXFileReference; lastKnownFileType = sourcecode.c.objc; path = main.m; sourceTree = "<group>"; };
/* End PBXFileReference section */

/* Begin PBXFrameworksBuildPhase section */
		60E9BCD8209DDBEA00D07AA1 /* Frameworks */ = {
			isa = PBXFrameworksBuildPhase;
			buildActionMask = 2147483647;
			files = (
			);
			runOnlyForDeploymentPostprocessing = 0;
		};
/* End PBXFrameworksBuildPhase section */

/* Begin PBXGroup section */
		60E9BCD2209DDBEA00D07AA1 = {
			isa = PBXGroup;
			children = (
				60E9BCDD209DDBEA00D07AA1 /* podDemo */,
				60E9BCDC209DDBEA00D07AA1 /* Products */,
			);
			sourceTree = "<group>";
		};
		60E9BCDC209DDBEA00D07AA1 /* Products */ = {
			isa = PBXGroup;
			children = (
				60E9BCDB209DDBEA00D07AA1 /* podDemo.app */,
			);
			name = Products;
			sourceTree = "<group>";
		};
		60E9BCDD209DDBEA00D07AA1 /* podDemo */ = {
			isa = PBXGroup;
			children = (
				60E9BCDE209DDBEA00D07AA1 /* AppDelegate.h */,
				60E9BCDF209DDBEA00D07AA1 /* AppDelegate.m */,
				60E9BCE1209DDBEA00D07AA1 /* ViewController.h */,
				60E9BCE2209DDBEA00D07AA1 /* ViewController.m */,
				60E9BCE4209DDBEA00D07AA1 /* Main.storyboard */,
				60E9BCE7209DDBEB00D07AA1 /* Assets.xcassets */,
				60E9BCE9209DDBEB00D07AA1 /* LaunchScreen.storyboard */,
				60E9BCEC209DDBEB00D07AA1 /* Info.plist */,
				60E9BCED209DDBEB00D07AA1 /* main.m */,
			);
			path = podDemo;
			sourceTree = "<group>";
		};
/* End PBXGroup section */

/* Begin PBXNativeTarget section */
		60E9BCDA209DDBEA00D07AA1 /* podDemo */ = {
			isa = PBXNativeTarget;
			buildConfigurationList = 60E9BCF1209DDBEB00D07AA1 /* Build configuration list for PBXNativeTarget "podDemo" */;
			buildPhases = (
				60E9BCD7209DDBEA00D07AA1 /* Sources */,
				60E9BCD8209DDBEA00D07AA1 /* Frameworks */,
				60E9BCD9209DDBEA00D07AA1 /* Resources */,
			);
			buildRules = (
			);
			dependencies = (
			);
			name = podDemo;
			productName = podDemo;
			productReference = 60E9BCDB209DDBEA00D07AA1 /* podDemo.app */;
			productType = "com.apple.product-type.application";
		};
/* End PBXNativeTarget section */

/* Begin PBXProject section */
		60E9BCD3209DDBEA00D07AA1 /* Project object */ = {
			isa = PBXProject;
			attributes = {
				LastUpgradeCheck = 0930;
				ORGANIZATIONNAME = liuyinghui;
				TargetAttributes = {
					60E9BCDA209DDBEA00D07AA1 = {
						CreatedOnToolsVersion = 9.3;
					};
				};
			};
			buildConfigurationList = 60E9BCD6209DDBEA00D07AA1 /* Build configuration list for PBXProject "podDemo" */;
			compatibilityVersion = "Xcode 9.3";
			developmentRegion = en;
			hasScannedForEncodings = 0;
			knownRegions = (
				en,
				Base,
			);
			mainGroup = 60E9BCD2209DDBEA00D07AA1;
			productRefGroup = 60E9BCDC209DDBEA00D07AA1 /* Products */;
			projectDirPath = "";
			projectRoot = "";
			targets = (
				60E9BCDA209DDBEA00D07AA1 /* podDemo */,
			);
		};
/* End PBXProject section */

/* Begin PBXResourcesBuildPhase section */
		60E9BCD9209DDBEA00D07AA1 /* Resources */ = {
			isa = PBXResourcesBuildPhase;
			buildActionMask = 2147483647;
			files = (
				60E9BCEB209DDBEB00D07AA1 /* LaunchScreen.storyboard in Resources */,
				60E9BCE8209DDBEB00D07AA1 /* Assets.xcassets in Resources */,
				60E9BCE6209DDBEA00D07AA1 /* Main.storyboard in Resources */,
			);
			runOnlyForDeploymentPostprocessing = 0;
		};
/* End PBXResourcesBuildPhase section */

/* Begin PBXSourcesBuildPhase section */
		60E9BCD7209DDBEA00D07AA1 /* Sources */ = {
			isa = PBXSourcesBuildPhase;
			buildActionMask = 2147483647;
			files = (
				60E9BCE3209DDBEA00D07AA1 /* ViewController.m in Sources */,
				60E9BCEE209DDBEB00D07AA1 /* main.m in Sources */,
				60E9BCE0209DDBEA00D07AA1 /* AppDelegate.m in Sources */,
			);
			runOnlyForDeploymentPostprocessing = 0;
		};
/* End PBXSourcesBuildPhase section */

/* Begin PBXVariantGroup section */
		60E9BCE4209DDBEA00D07AA1 /* Main.storyboard */ = {
			isa = PBXVariantGroup;
			children = (
				60E9BCE5209DDBEA00D07AA1 /* Base */,
			);
			name = Main.storyboard;
			sourceTree = "<group>";
		};
		60E9BCE9209DDBEB00D07AA1 /* LaunchScreen.storyboard */ = {
			isa = PBXVariantGroup;
			children = (
				60E9BCEA209DDBEB00D07AA1 /* Base */,
			);
			name = LaunchScreen.storyboard;
			sourceTree = "<group>";
		};
/* End PBXVariantGroup section */

/* Begin XCBuildConfiguration section */
		60E9BCEF209DDBEB00D07AA1 /* Debug */ = {
			isa = XCBuildConfiguration;
			buildSettings = {
				ALWAYS_SEARCH_USER_PATHS = NO;
				CLANG_ANALYZER_NONNULL = YES;
				CLANG_ANALYZER_NUMBER_OBJECT_CONVERSION = YES_AGGRESSIVE;
				CLANG_CXX_LANGUAGE_STANDARD = "gnu++14";
				CLANG_CXX_LIBRARY = "libc++";
				CLANG_ENABLE_MODULES = YES;
				CLANG_ENABLE_OBJC_ARC = YES;
				CLANG_ENABLE_OBJC_WEAK = YES;
				CLANG_WARN_BLOCK_CAPTURE_AUTORELEASING = YES;
				CLANG_WARN_BOOL_CONVERSION = YES;
				CLANG_WARN_COMMA = YES;
				CLANG_WARN_CONSTANT_CONVERSION = YES;
				CLANG_WARN_DEPRECATED_OBJC_IMPLEMENTATIONS = YES;
				CLANG_WARN_DIRECT_OBJC_ISA_USAGE = YES_ERROR;
				CLANG_WARN_DOCUMENTATION_COMMENTS = YES;
				CLANG_WARN_EMPTY_BODY = YES;
				CLANG_WARN_ENUM_CONVERSION = YES;
				CLANG_WARN_INFINITE_RECURSION = YES;
				CLANG_WARN_INT_CONVERSION = YES;
				CLANG_WARN_NON_LITERAL_NULL_CONVERSION = YES;
				CLANG_WARN_OBJC_IMPLICIT_RETAIN_SELF = YES;
				CLANG_WARN_OBJC_LITERAL_CONVERSION = YES;
				CLANG_WARN_OBJC_ROOT_CLASS = YES_ERROR;
				CLANG_WARN_RANGE_LOOP_ANALYSIS = YES;
				CLANG_WARN_STRICT_PROTOTYPES = YES;
				CLANG_WARN_SUSPICIOUS_MOVE = YES;
				CLANG_WARN_UNGUARDED_AVAILABILITY = YES_AGGRESSIVE;
				CLANG_WARN_UNREACHABLE_CODE = YES;
				CLANG_WARN__DUPLICATE_METHOD_MATCH = YES;
				CODE_SIGN_IDENTITY = "iPhone Developer";
				COPY_PHASE_STRIP = NO;
				DEBUG_INFORMATION_FORMAT = dwarf;
				ENABLE_STRICT_OBJC_MSGSEND = YES;
				ENABLE_TESTABILITY = YES;
				GCC_C_LANGUAGE_STANDARD = gnu11;
				GCC_DYNAMIC_NO_PIC = NO;
				GCC_NO_COMMON_BLOCKS = YES;
				GCC_OPTIMIZATION_LEVEL = 0;
				GCC_PREPROCESSOR_DEFINITIONS = (
					"DEBUG=1",
					"$(inherited)",
				);
				GCC_WARN_64_TO_32_BIT_CONVERSION = YES;
				GCC_WARN_ABOUT_RETURN_TYPE = YES_ERROR;
				GCC_WARN_UNDECLARED_SELECTOR = YES;
				GCC_WARN_UNINITIALIZED_AUTOS = YES_AGGRESSIVE;
				GCC_WARN_UNUSED_FUNCTION = YES;
				GCC_WARN_UNUSED_VARIABLE = YES;
				IPHONEOS_DEPLOYMENT_TARGET = 11.3;
				MTL_ENABLE_DEBUG_INFO = YES;
				ONLY_ACTIVE_ARCH = YES;
				SDKROOT = iphoneos;
			};
			name = Debug;
		};
		60E9BCF0209DDBEB00D07AA1 /* Release */ = {
			isa = XCBuildConfiguration;
			buildSettings = {
				ALWAYS_SEARCH_USER_PATHS = NO;
				CLANG_ANALYZER_NONNULL = YES;
				CLANG_ANALYZER_NUMBER_OBJECT_CONVERSION = YES_AGGRESSIVE;
				CLANG_CXX_LANGUAGE_STANDARD = "gnu++14";
				CLANG_CXX_LIBRARY = "libc++";
				CLANG_ENABLE_MODULES = YES;
				CLANG_ENABLE_OBJC_ARC = YES;
				CLANG_ENABLE_OBJC_WEAK = YES;
				CLANG_WARN_BLOCK_CAPTURE_AUTORELEASING = YES;
				CLANG_WARN_BOOL_CONVERSION = YES;
				CLANG_WARN_COMMA = YES;
				CLANG_WARN_CONSTANT_CONVERSION = YES;
				CLANG_WARN_DEPRECATED_OBJC_IMPLEMENTATIONS = YES;
				CLANG_WARN_DIRECT_OBJC_ISA_USAGE = YES_ERROR;
				CLANG_WARN_DOCUMENTATION_COMMENTS = YES;
				CLANG_WARN_EMPTY_BODY = YES;
				CLANG_WARN_ENUM_CONVERSION = YES;
				CLANG_WARN_INFINITE_RECURSION = YES;
				CLANG_WARN_INT_CONVERSION = YES;
				CLANG_WARN_NON_LITERAL_NULL_CONVERSION = YES;
				CLANG_WARN_OBJC_IMPLICIT_RETAIN_SELF = YES;
				CLANG_WARN_OBJC_LITERAL_CONVERSION = YES;
				CLANG_WARN_OBJC_ROOT_CLASS = YES_ERROR;
				CLANG_WARN_RANGE_LOOP_ANALYSIS = YES;
				CLANG_WARN_STRICT_PROTOTYPES = YES;
				CLANG_WARN_SUSPICIOUS_MOVE = YES;
				CLANG_WARN_UNGUARDED_AVAILABILITY = YES_AGGRESSIVE;
				CLANG_WARN_UNREACHABLE_CODE = YES;
				CLANG_WARN__DUPLICATE_METHOD_MATCH = YES;
				CODE_SIGN_IDENTITY = "iPhone Developer";
				COPY_PHASE_STRIP = NO;
				DEBUG_INFORMATION_FORMAT = "dwarf-with-dsym";
				ENABLE_NS_ASSERTIONS = NO;
				ENABLE_STRICT_OBJC_MSGSEND = YES;
				GCC_C_LANGUAGE_STANDARD = gnu11;
				GCC_NO_COMMON_BLOCKS = YES;
				GCC_WARN_64_TO_32_BIT_CONVERSION = YES;
				GCC_WARN_ABOUT_RETURN_TYPE = YES_ERROR;
				GCC_WARN_UNDECLARED_SELECTOR = YES;
				GCC_WARN_UNINITIALIZED_AUTOS = YES_AGGRESSIVE;
				GCC_WARN_UNUSED_FUNCTION = YES;
				GCC_WARN_UNUSED_VARIABLE = YES;
				IPHONEOS_DEPLOYMENT_TARGET = 11.3;
				MTL_ENABLE_DEBUG_INFO = NO;
				SDKROOT = iphoneos;
				VALIDATE_PRODUCT = YES;
			};
			name = Release;
		};
		60E9BCF2209DDBEB00D07AA1 /* Debug */ = {
			isa = XCBuildConfiguration;
			buildSettings = {
				ASSETCATALOG_COMPILER_APPICON_NAME = AppIcon;
				CODE_SIGN_STYLE = Automatic;
				DEVELOPMENT_TEAM = E222ZU2RXP;
				INFOPLIST_FILE = podDemo/Info.plist;
				LD_RUNPATH_SEARCH_PATHS = (
					"$(inherited)",
					"@executable_path/Frameworks",
				);
				PRODUCT_BUNDLE_IDENTIFIER = liuyinghui.podDemo;
				PRODUCT_NAME = "$(TARGET_NAME)";
				TARGETED_DEVICE_FAMILY = "1,2";
			};
			name = Debug;
		};
		60E9BCF3209DDBEB00D07AA1 /* Release */ = {
			isa = XCBuildConfiguration;
			buildSettings = {
				ASSETCATALOG_COMPILER_APPICON_NAME = AppIcon;
				CODE_SIGN_STYLE = Automatic;
				DEVELOPMENT_TEAM = E222ZU2RXP;
				INFOPLIST_FILE = podDemo/Info.plist;
				LD_RUNPATH_SEARCH_PATHS = (
					"$(inherited)",
					"@executable_path/Frameworks",
				);
				PRODUCT_BUNDLE_IDENTIFIER = liuyinghui.podDemo;
				PRODUCT_NAME = "$(TARGET_NAME)";
				TARGETED_DEVICE_FAMILY = "1,2";
			};
			name = Release;
		};
/* End XCBuildConfiguration section */

/* Begin XCConfigurationList section */
		60E9BCD6209DDBEA00D07AA1 /* Build configuration list for PBXProject "podDemo" */ = {
			isa = XCConfigurationList;
			buildConfigurations = (
				60E9BCEF209DDBEB00D07AA1 /* Debug */,
				60E9BCF0209DDBEB00D07AA1 /* Release */,
			);
			defaultConfigurationIsVisible = 0;
			defaultConfigurationName = Release;
		};
		60E9BCF1209DDBEB00D07AA1 /* Build configuration list for PBXNativeTarget "podDemo" */ = {
			isa = XCConfigurationList;
			buildConfigurations = (
				60E9BCF2209DDBEB00D07AA1 /* Debug */,
				60E9BCF3209DDBEB00D07AA1 /* Release */,
			);
			defaultConfigurationIsVisible = 0;
			defaultConfigurationName = Release;
		};
/* End XCConfigurationList section */
	};
	rootObject = 60E9BCD3209DDBEA00D07AA1 /* Project object */;
}
